
Microsoft Visual Studio Solution File, Format Version 12.00
# Visual Studio Version 17
VisualStudioVersion = 17.12.35527.113
MinimumVisualStudioVersion = 10.0.40219.1
Project("{FAE04EC0-301F-11D3-BF4B-00C04F79EFBC}") = "Skntbreak.Api", "Skntbreak.Api.csproj", "{E6809EED-5281-406C-A862-7E26FB3CA841}"
	ProjectSection(ProjectDependencies) = postProject
		{81D27D44-75F7-4900-9D8F-06F1BC633818} = {81D27D44-75F7-4900-9D8F-06F1BC633818}
	EndProjectSection
EndProject
Project("{FAE04EC0-301F-11D3-BF4B-00C04F79EFBC}") = "Skntbreak.Core", "..\Skntbreak.Core\Skntbreak.Core.csproj", "{7F4B9002-23FF-4140-A298-28FC5EE92D20}"
EndProject
Project("{FAE04EC0-301F-11D3-BF4B-00C04F79EFBC}") = "Skntbreak.Infrastructure", "..\SkntBreak.Infrastructure\Skntbreak.Infrastructure.csproj", "{1906D377-55FB-4A88-BF71-7AF6F8DA507E}"
EndProject
Project("{FAE04EC0-301F-11D3-BF4B-00C04F79EFBC}") = "Skntbreak.Application", "..\Skntbreak.Application\Skntbreak.Application.csproj", "{81D27D44-75F7-4900-9D8F-06F1BC633818}"
EndProject
Global
	GlobalSection(SolutionConfigurationPlatforms) = preSolution
		Debug|Any CPU = Debug|Any CPU
		Release|Any CPU = Release|Any CPU
	EndGlobalSection
	GlobalSection(ProjectConfigurationPlatforms) = postSolution
		{E6809EED-5281-406C-A862-7E26FB3CA841}.Debug|Any CPU.ActiveCfg = Debug|Any CPU
		{E6809EED-5281-406C-A862-7E26FB3CA841}.Debug|Any CPU.Build.0 = Debug|Any CPU
		{E6809EED-5281-406C-A862-7E26FB3CA841}.Release|Any CPU.ActiveCfg = Release|Any CPU
		{E6809EED-5281-406C-A862-7E26FB3CA841}.Release|Any CPU.Build.0 = Release|Any CPU
		{7F4B9002-23FF-4140-A298-28FC5EE92D20}.Debug|Any CPU.ActiveCfg = Debug|Any CPU
		{7F4B9002-23FF-4140-A298-28FC5EE92D20}.Debug|Any CPU.Build.0 = Debug|Any CPU
		{7F4B9002-23FF-4140-A298-28FC5EE92D20}.Release|Any CPU.ActiveCfg = Release|Any CPU
		{7F4B9002-23FF-4140-A298-28FC5EE92D20}.Release|Any CPU.Build.0 = Release|Any CPU
		{1906D377-55FB-4A88-BF71-7AF6F8DA507E}.Debug|Any CPU.ActiveCfg = Debug|Any CPU
		{1906D377-55FB-4A88-BF71-7AF6F8DA507E}.Debug|Any CPU.Build.0 = Debug|Any CPU
		{1906D377-55FB-4A88-BF71-7AF6F8DA507E}.Release|Any CPU.ActiveCfg = Release|Any CPU
		{1906D377-55FB-4A88-BF71-7AF6F8DA507E}.Release|Any CPU.Build.0 = Release|Any CPU
		{81D27D44-75F7-4900-9D8F-06F1BC633818}.Debug|Any CPU.ActiveCfg = Debug|Any CPU
		{81D27D44-75F7-4900-9D8F-06F1BC633818}.Debug|Any CPU.Build.0 = Debug|Any CPU
		{81D27D44-75F7-4900-9D8F-06F1BC633818}.Release|Any CPU.ActiveCfg = Release|Any CPU
		{81D27D44-75F7-4900-9D8F-06F1BC633818}.Release|Any CPU.Build.0 = Release|Any CPU
	EndGlobalSection
	GlobalSection(SolutionProperties) = preSolution
		HideSolutionNode = FALSE
	EndGlobalSection
EndGlobal
